
Microsoft Visual Studio Solution File, Format Version 12.00
# Visual Studio Version 17
VisualStudioVersion = 17.5.002.0
MinimumVisualStudioVersion = 10.0.40219.1
Project("{9A19103F-16F7-4668-BE54-9A1E7A4F7556}") = "RealtimeInteractiveConsole", "RealtimeInteractiveConsole.csproj", "{D190B8A0-321C-486B-93AF-AD3C221C9466}"
EndProject
Global
	GlobalSection(SolutionConfigurationPlatforms) = preSolution
		Debug|Any CPU = Debug|Any CPU
		Release|Any CPU = Release|Any CPU
	EndGlobalSection
	GlobalSection(ProjectConfigurationPlatforms) = postSolution
		{D190B8A0-321C-486B-93AF-AD3C221C9466}.Debug|Any CPU.ActiveCfg = Debug|Any CPU
		{D190B8A0-321C-486B-93AF-AD3C221C9466}.Debug|Any CPU.Build.0 = Debug|Any CPU
		{D190B8A0-321C-486B-93AF-AD3C221C9466}.Release|Any CPU.ActiveCfg = Release|Any CPU
		{D190B8A0-321C-486B-93AF-AD3C221C9466}.Release|Any CPU.Build.0 = Release|Any CPU
	EndGlobalSection
	GlobalSection(SolutionProperties) = preSolution
		HideSolutionNode = FALSE
	EndGlobalSection
	GlobalSection(ExtensibilityGlobals) = postSolution
		SolutionGuid = {8B05AF2A-2068-499C-9615-8BD0FD48CF68}
	EndGlobalSection
EndGlobal
